
Microsoft Visual Studio Solution File, Format Version 12.00
# Visual Studio 15
VisualStudioVersion = 15.0.27130.2010
MinimumVisualStudioVersion = 10.0.40219.1
Project("{FAE04EC0-301F-11D3-BF4B-00C04F79EFBC}") = "ObserverPattern", "ObserverPattern\ObserverPattern.csproj", "{A50D02FE-CC9C-4B2A-8FA2-E39B16DFB106}"
EndProject
Project("{FAE04EC0-301F-11D3-BF4B-00C04F79EFBC}") = "JWTToken", "JWTToken\JWTToken.csproj", "{66B3E29D-F0D1-4581-BA0F-B0ED5BB717E5}"
EndProject
Global
	GlobalSection(SolutionConfigurationPlatforms) = preSolution
		Debug|Any CPU = Debug|Any CPU
		Release|Any CPU = Release|Any CPU
	EndGlobalSection
	GlobalSection(ProjectConfigurationPlatforms) = postSolution
		{A50D02FE-CC9C-4B2A-8FA2-E39B16DFB106}.Debug|Any CPU.ActiveCfg = Debug|Any CPU
		{A50D02FE-CC9C-4B2A-8FA2-E39B16DFB106}.Debug|Any CPU.Build.0 = Debug|Any CPU
		{A50D02FE-CC9C-4B2A-8FA2-E39B16DFB106}.Release|Any CPU.ActiveCfg = Release|Any CPU
		{A50D02FE-CC9C-4B2A-8FA2-E39B16DFB106}.Release|Any CPU.Build.0 = Release|Any CPU
		{66B3E29D-F0D1-4581-BA0F-B0ED5BB717E5}.Debug|Any CPU.ActiveCfg = Debug|Any CPU
		{66B3E29D-F0D1-4581-BA0F-B0ED5BB717E5}.Debug|Any CPU.Build.0 = Debug|Any CPU
		{66B3E29D-F0D1-4581-BA0F-B0ED5BB717E5}.Release|Any CPU.ActiveCfg = Release|Any CPU
		{66B3E29D-F0D1-4581-BA0F-B0ED5BB717E5}.Release|Any CPU.Build.0 = Release|Any CPU
	EndGlobalSection
	GlobalSection(SolutionProperties) = preSolution
		HideSolutionNode = FALSE
	EndGlobalSection
	GlobalSection(ExtensibilityGlobals) = postSolution
		SolutionGuid = {966E4377-FE4F-4866-B172-6D191A08408B}
	EndGlobalSection
EndGlobal
